Microsoft Visual Studio Solution File, Format Version 12.00
# Visual Studio 2013
VisualStudioVersion = 12.0.30723.0
MinimumVisualStudioVersion = 10.0.40219.1
Project("{8BC9CEB8-8B4A-11D0-8D11-00A0C91BC942}") = "nanorpc", "nanorpc\nanorpc.vcxproj", "{C061F250-9028-4B06-805C-BD108AC4BB1A}"
EndProject
Project("{8BC9CEB8-8B4A-11D0-8D11-00A0C91BC942}") = "nanorpc_cpp_plugin", "nanorpc\nanorpc_cpp_plugin.vcxproj", "{B8D567EB-469C-47A8-AE56-53F8A304F5F7}"
EndProject
Project("{2150E333-8FDC-42A3-9474-1A3956D46DE8}") = "Solution Items", "Solution Items", "{F4554791-D1BA-447D-BA47-0634FA9DD0DB}"
	ProjectSection(SolutionItems) = preProject
		.clang-format = .clang-format
		codegen_test.proto = codegen_test.proto
		notes.txt = notes.txt
		nanorpc\src\nanorpc\rpc_types.proto = nanorpc\src\nanorpc\rpc_types.proto
	EndProjectSection
EndProject
Project("{8BC9CEB8-8B4A-11D0-8D11-00A0C91BC942}") = "codegen_test", "codegen_test\codegen_test.vcxproj", "{1CFB086F-82A0-4B3A-88EF-2C2453E7BEAC}"
EndProject
Project("{8BC9CEB8-8B4A-11D0-8D11-00A0C91BC942}") = "hello_world", "hello_world\hello_world.vcxproj", "{C771EE50-929A-46CD-BD06-4C79556ADF3D}"
EndProject
Project("{8BC9CEB8-8B4A-11D0-8D11-00A0C91BC942}") = "winsock_test", "winsock_test\winsock_test.vcxproj", "{44529669-C537-459A-89D5-BD407668CD94}"
EndProject
Project("{8BC9CEB8-8B4A-11D0-8D11-00A0C91BC942}") = "arizona_api_server", "arizona_api_server\arizona_api_server.vcxproj", "{B23AB3CB-3FE9-4F30-85B0-B4FF2396AF55}"
EndProject
Global
	GlobalSection(SolutionConfigurationPlatforms) = preSolution
		Debug|Win32 = Debug|Win32
		Debug|x64 = Debug|x64
		Release|Win32 = Release|Win32
		Release|x64 = Release|x64
	EndGlobalSection
	GlobalSection(ProjectConfigurationPlatforms) = postSolution
		{C061F250-9028-4B06-805C-BD108AC4BB1A}.Debug|Win32.ActiveCfg = Debug|Win32
		{C061F250-9028-4B06-805C-BD108AC4BB1A}.Debug|Win32.Build.0 = Debug|Win32
		{C061F250-9028-4B06-805C-BD108AC4BB1A}.Debug|x64.ActiveCfg = Debug|x64
		{C061F250-9028-4B06-805C-BD108AC4BB1A}.Debug|x64.Build.0 = Debug|x64
		{C061F250-9028-4B06-805C-BD108AC4BB1A}.Release|Win32.ActiveCfg = Release|Win32
		{C061F250-9028-4B06-805C-BD108AC4BB1A}.Release|Win32.Build.0 = Release|Win32
		{C061F250-9028-4B06-805C-BD108AC4BB1A}.Release|x64.ActiveCfg = Release|x64
		{C061F250-9028-4B06-805C-BD108AC4BB1A}.Release|x64.Build.0 = Release|x64
		{B8D567EB-469C-47A8-AE56-53F8A304F5F7}.Debug|Win32.ActiveCfg = Debug|Win32
		{B8D567EB-469C-47A8-AE56-53F8A304F5F7}.Debug|Win32.Build.0 = Debug|Win32
		{B8D567EB-469C-47A8-AE56-53F8A304F5F7}.Debug|x64.ActiveCfg = Debug|x64
		{B8D567EB-469C-47A8-AE56-53F8A304F5F7}.Debug|x64.Build.0 = Debug|x64
		{B8D567EB-469C-47A8-AE56-53F8A304F5F7}.Release|Win32.ActiveCfg = Release|Win32
		{B8D567EB-469C-47A8-AE56-53F8A304F5F7}.Release|Win32.Build.0 = Release|Win32
		{B8D567EB-469C-47A8-AE56-53F8A304F5F7}.Release|x64.ActiveCfg = Release|x64
		{B8D567EB-469C-47A8-AE56-53F8A304F5F7}.Release|x64.Build.0 = Release|x64
		{1CFB086F-82A0-4B3A-88EF-2C2453E7BEAC}.Debug|Win32.ActiveCfg = Debug|Win32
		{1CFB086F-82A0-4B3A-88EF-2C2453E7BEAC}.Debug|Win32.Build.0 = Debug|Win32
		{1CFB086F-82A0-4B3A-88EF-2C2453E7BEAC}.Debug|x64.ActiveCfg = Debug|x64
		{1CFB086F-82A0-4B3A-88EF-2C2453E7BEAC}.Debug|x64.Build.0 = Debug|x64
		{1CFB086F-82A0-4B3A-88EF-2C2453E7BEAC}.Release|Win32.ActiveCfg = Release|Win32
		{1CFB086F-82A0-4B3A-88EF-2C2453E7BEAC}.Release|Win32.Build.0 = Release|Win32
		{1CFB086F-82A0-4B3A-88EF-2C2453E7BEAC}.Release|x64.ActiveCfg = Release|x64
		{1CFB086F-82A0-4B3A-88EF-2C2453E7BEAC}.Release|x64.Build.0 = Release|x64
		{C771EE50-929A-46CD-BD06-4C79556ADF3D}.Debug|Win32.ActiveCfg = Debug|Win32
		{C771EE50-929A-46CD-BD06-4C79556ADF3D}.Debug|Win32.Build.0 = Debug|Win32
		{C771EE50-929A-46CD-BD06-4C79556ADF3D}.Debug|x64.ActiveCfg = Debug|x64
		{C771EE50-929A-46CD-BD06-4C79556ADF3D}.Debug|x64.Build.0 = Debug|x64
		{C771EE50-929A-46CD-BD06-4C79556ADF3D}.Release|Win32.ActiveCfg = Release|Win32
		{C771EE50-929A-46CD-BD06-4C79556ADF3D}.Release|Win32.Build.0 = Release|Win32
		{C771EE50-929A-46CD-BD06-4C79556ADF3D}.Release|x64.ActiveCfg = Release|x64
		{C771EE50-929A-46CD-BD06-4C79556ADF3D}.Release|x64.Build.0 = Release|x64
		{44529669-C537-459A-89D5-BD407668CD94}.Debug|Win32.ActiveCfg = Debug|Win32
		{44529669-C537-459A-89D5-BD407668CD94}.Debug|Win32.Build.0 = Debug|Win32
		{44529669-C537-459A-89D5-BD407668CD94}.Debug|x64.ActiveCfg = Debug|x64
		{44529669-C537-459A-89D5-BD407668CD94}.Debug|x64.Build.0 = Debug|x64
		{44529669-C537-459A-89D5-BD407668CD94}.Release|Win32.ActiveCfg = Release|Win32
		{44529669-C537-459A-89D5-BD407668CD94}.Release|Win32.Build.0 = Release|Win32
		{44529669-C537-459A-89D5-BD407668CD94}.Release|x64.ActiveCfg = Release|x64
		{44529669-C537-459A-89D5-BD407668CD94}.Release|x64.Build.0 = Release|x64
		{B23AB3CB-3FE9-4F30-85B0-B4FF2396AF55}.Debug|Win32.ActiveCfg = Debug|Win32
		{B23AB3CB-3FE9-4F30-85B0-B4FF2396AF55}.Debug|Win32.Build.0 = Debug|Win32
		{B23AB3CB-3FE9-4F30-85B0-B4FF2396AF55}.Debug|x64.ActiveCfg = Debug|x64
		{B23AB3CB-3FE9-4F30-85B0-B4FF2396AF55}.Debug|x64.Build.0 = Debug|x64
		{B23AB3CB-3FE9-4F30-85B0-B4FF2396AF55}.Release|Win32.ActiveCfg = Release|Win32
		{B23AB3CB-3FE9-4F30-85B0-B4FF2396AF55}.Release|Win32.Build.0 = Release|Win32
		{B23AB3CB-3FE9-4F30-85B0-B4FF2396AF55}.Release|x64.ActiveCfg = Release|x64
		{B23AB3CB-3FE9-4F30-85B0-B4FF2396AF55}.Release|x64.Build.0 = Release|x64
	EndGlobalSection
	GlobalSection(SolutionProperties) = preSolution
		HideSolutionNode = FALSE
	EndGlobalSection
EndGlobal
