Microsoft Visual Studio Solution File, Format Version 12.00
# Visual Studio 2013
VisualStudioVersion = 12.0.40629.0
MinimumVisualStudioVersion = 10.0.40219.1
Project("{8BC9CEB8-8B4A-11D0-8D11-00A0C91BC942}") = "NanoRpc", "NanoRpc\NanoRpc.vcxproj", "{C061F250-9028-4B06-805C-BD108AC4BB1A}"
EndProject
Project("{8BC9CEB8-8B4A-11D0-8D11-00A0C91BC942}") = "nanorpc_test", "nanorpc_test\nanorpc_test.vcxproj", "{B68AFE04-3D9A-48B1-8BE4-62C304F74613}"
EndProject
Project("{8BC9CEB8-8B4A-11D0-8D11-00A0C91BC942}") = "nanorpc_cpp_plugin", "nanorpc_cpp_plugin\nanorpc_cpp_plugin.vcxproj", "{B8D567EB-469C-47A8-AE56-53F8A304F5F7}"
EndProject
Project("{2150E333-8FDC-42A3-9474-1A3956D46DE8}") = "Solution Items", "Solution Items", "{F4554791-D1BA-447D-BA47-0634FA9DD0DB}"
	ProjectSection(SolutionItems) = preProject
		rpc_proto\rpc_types.proto = rpc_proto\rpc_types.proto
	EndProjectSection
EndProject
Global
	GlobalSection(SolutionConfigurationPlatforms) = preSolution
		Debug|Mixed Platforms = Debug|Mixed Platforms
		Debug|Win32 = Debug|Win32
		Debug|x64 = Debug|x64
		Release|Mixed Platforms = Release|Mixed Platforms
		Release|Win32 = Release|Win32
		Release|x64 = Release|x64
	EndGlobalSection
	GlobalSection(ProjectConfigurationPlatforms) = postSolution
		{C061F250-9028-4B06-805C-BD108AC4BB1A}.Debug|Mixed Platforms.ActiveCfg = Debug|Win32
		{C061F250-9028-4B06-805C-BD108AC4BB1A}.Debug|Mixed Platforms.Build.0 = Debug|Win32
		{C061F250-9028-4B06-805C-BD108AC4BB1A}.Debug|Win32.ActiveCfg = Debug|Win32
		{C061F250-9028-4B06-805C-BD108AC4BB1A}.Debug|Win32.Build.0 = Debug|Win32
		{C061F250-9028-4B06-805C-BD108AC4BB1A}.Debug|x64.ActiveCfg = Debug|x64
		{C061F250-9028-4B06-805C-BD108AC4BB1A}.Debug|x64.Build.0 = Debug|x64
		{C061F250-9028-4B06-805C-BD108AC4BB1A}.Release|Mixed Platforms.ActiveCfg = Release|Win32
		{C061F250-9028-4B06-805C-BD108AC4BB1A}.Release|Mixed Platforms.Build.0 = Release|Win32
		{C061F250-9028-4B06-805C-BD108AC4BB1A}.Release|Win32.ActiveCfg = Release|Win32
		{C061F250-9028-4B06-805C-BD108AC4BB1A}.Release|Win32.Build.0 = Release|Win32
		{C061F250-9028-4B06-805C-BD108AC4BB1A}.Release|x64.ActiveCfg = Release|x64
		{C061F250-9028-4B06-805C-BD108AC4BB1A}.Release|x64.Build.0 = Release|x64
		{B68AFE04-3D9A-48B1-8BE4-62C304F74613}.Debug|Mixed Platforms.ActiveCfg = Debug|Win32
		{B68AFE04-3D9A-48B1-8BE4-62C304F74613}.Debug|Mixed Platforms.Build.0 = Debug|Win32
		{B68AFE04-3D9A-48B1-8BE4-62C304F74613}.Debug|Win32.ActiveCfg = Debug|Win32
		{B68AFE04-3D9A-48B1-8BE4-62C304F74613}.Debug|Win32.Build.0 = Debug|Win32
		{B68AFE04-3D9A-48B1-8BE4-62C304F74613}.Debug|x64.ActiveCfg = Debug|x64
		{B68AFE04-3D9A-48B1-8BE4-62C304F74613}.Debug|x64.Build.0 = Debug|x64
		{B68AFE04-3D9A-48B1-8BE4-62C304F74613}.Release|Mixed Platforms.ActiveCfg = Release|Win32
		{B68AFE04-3D9A-48B1-8BE4-62C304F74613}.Release|Mixed Platforms.Build.0 = Release|Win32
		{B68AFE04-3D9A-48B1-8BE4-62C304F74613}.Release|Win32.ActiveCfg = Release|Win32
		{B68AFE04-3D9A-48B1-8BE4-62C304F74613}.Release|Win32.Build.0 = Release|Win32
		{B68AFE04-3D9A-48B1-8BE4-62C304F74613}.Release|x64.ActiveCfg = Release|x64
		{B68AFE04-3D9A-48B1-8BE4-62C304F74613}.Release|x64.Build.0 = Release|x64
		{B8D567EB-469C-47A8-AE56-53F8A304F5F7}.Debug|Mixed Platforms.ActiveCfg = Debug|Win32
		{B8D567EB-469C-47A8-AE56-53F8A304F5F7}.Debug|Mixed Platforms.Build.0 = Debug|Win32
		{B8D567EB-469C-47A8-AE56-53F8A304F5F7}.Debug|Win32.ActiveCfg = Debug|Win32
		{B8D567EB-469C-47A8-AE56-53F8A304F5F7}.Debug|Win32.Build.0 = Debug|Win32
		{B8D567EB-469C-47A8-AE56-53F8A304F5F7}.Debug|x64.ActiveCfg = Debug|x64
		{B8D567EB-469C-47A8-AE56-53F8A304F5F7}.Debug|x64.Build.0 = Debug|x64
		{B8D567EB-469C-47A8-AE56-53F8A304F5F7}.Release|Mixed Platforms.ActiveCfg = Release|Win32
		{B8D567EB-469C-47A8-AE56-53F8A304F5F7}.Release|Mixed Platforms.Build.0 = Release|Win32
		{B8D567EB-469C-47A8-AE56-53F8A304F5F7}.Release|Win32.ActiveCfg = Release|Win32
		{B8D567EB-469C-47A8-AE56-53F8A304F5F7}.Release|Win32.Build.0 = Release|Win32
		{B8D567EB-469C-47A8-AE56-53F8A304F5F7}.Release|x64.ActiveCfg = Release|x64
		{B8D567EB-469C-47A8-AE56-53F8A304F5F7}.Release|x64.Build.0 = Release|x64
	EndGlobalSection
	GlobalSection(SolutionProperties) = preSolution
		HideSolutionNode = FALSE
	EndGlobalSection
EndGlobal
