Microsoft Visual Studio Solution File, Format Version 12.00
# Visual Studio 2013
VisualStudioVersion = 12.0.30723.0
MinimumVisualStudioVersion = 10.0.40219.1
Project("{8BC9CEB8-8B4A-11D0-8D11-00A0C91BC942}") = "nanorpc2", "cpp\nanorpc2.vcxproj", "{4306510F-B17B-4AC0-A62C-FCE027BBC0CC}"
EndProject
Project("{8BC9CEB8-8B4A-11D0-8D11-00A0C91BC942}") = "NanoRpc", "NanoRpc\NanoRpc.vcxproj", "{C061F250-9028-4B06-805C-BD108AC4BB1A}"
EndProject
Project("{8BC9CEB8-8B4A-11D0-8D11-00A0C91BC942}") = "NanoRpc_TestServer", "NanoRpc_TestServer\NanoRpc_TestServer.vcxproj", "{3DA5260C-A6BE-4AA3-BF6D-09D59F634495}"
EndProject
Project("{8BC9CEB8-8B4A-11D0-8D11-00A0C91BC942}") = "channel_test", "channel_test\channel_test.vcxproj", "{03DCEC33-BD06-4137-840D-3FF5E0B9834E}"
EndProject
Global
	GlobalSection(SolutionConfigurationPlatforms) = preSolution
		Debug|Mixed Platforms = Debug|Mixed Platforms
		Debug|Win32 = Debug|Win32
		Debug|x64 = Debug|x64
		Release|Mixed Platforms = Release|Mixed Platforms
		Release|Win32 = Release|Win32
		Release|x64 = Release|x64
	EndGlobalSection
	GlobalSection(ProjectConfigurationPlatforms) = postSolution
		{4306510F-B17B-4AC0-A62C-FCE027BBC0CC}.Debug|Mixed Platforms.ActiveCfg = Debug|Win32
		{4306510F-B17B-4AC0-A62C-FCE027BBC0CC}.Debug|Mixed Platforms.Build.0 = Debug|Win32
		{4306510F-B17B-4AC0-A62C-FCE027BBC0CC}.Debug|Win32.ActiveCfg = Debug|Win32
		{4306510F-B17B-4AC0-A62C-FCE027BBC0CC}.Debug|Win32.Build.0 = Debug|Win32
		{4306510F-B17B-4AC0-A62C-FCE027BBC0CC}.Debug|x64.ActiveCfg = Debug|x64
		{4306510F-B17B-4AC0-A62C-FCE027BBC0CC}.Debug|x64.Build.0 = Debug|x64
		{4306510F-B17B-4AC0-A62C-FCE027BBC0CC}.Release|Mixed Platforms.ActiveCfg = Release|Win32
		{4306510F-B17B-4AC0-A62C-FCE027BBC0CC}.Release|Mixed Platforms.Build.0 = Release|Win32
		{4306510F-B17B-4AC0-A62C-FCE027BBC0CC}.Release|Win32.ActiveCfg = Release|Win32
		{4306510F-B17B-4AC0-A62C-FCE027BBC0CC}.Release|Win32.Build.0 = Release|Win32
		{4306510F-B17B-4AC0-A62C-FCE027BBC0CC}.Release|x64.ActiveCfg = Release|x64
		{4306510F-B17B-4AC0-A62C-FCE027BBC0CC}.Release|x64.Build.0 = Release|x64
		{C061F250-9028-4B06-805C-BD108AC4BB1A}.Debug|Mixed Platforms.ActiveCfg = Debug|Win32
		{C061F250-9028-4B06-805C-BD108AC4BB1A}.Debug|Mixed Platforms.Build.0 = Debug|Win32
		{C061F250-9028-4B06-805C-BD108AC4BB1A}.Debug|Win32.ActiveCfg = Debug|Win32
		{C061F250-9028-4B06-805C-BD108AC4BB1A}.Debug|Win32.Build.0 = Debug|Win32
		{C061F250-9028-4B06-805C-BD108AC4BB1A}.Debug|x64.ActiveCfg = Debug|x64
		{C061F250-9028-4B06-805C-BD108AC4BB1A}.Debug|x64.Build.0 = Debug|x64
		{C061F250-9028-4B06-805C-BD108AC4BB1A}.Release|Mixed Platforms.ActiveCfg = Release|Win32
		{C061F250-9028-4B06-805C-BD108AC4BB1A}.Release|Mixed Platforms.Build.0 = Release|Win32
		{C061F250-9028-4B06-805C-BD108AC4BB1A}.Release|Win32.ActiveCfg = Release|Win32
		{C061F250-9028-4B06-805C-BD108AC4BB1A}.Release|Win32.Build.0 = Release|Win32
		{C061F250-9028-4B06-805C-BD108AC4BB1A}.Release|x64.ActiveCfg = Release|x64
		{C061F250-9028-4B06-805C-BD108AC4BB1A}.Release|x64.Build.0 = Release|x64
		{3DA5260C-A6BE-4AA3-BF6D-09D59F634495}.Debug|Mixed Platforms.ActiveCfg = Debug|Win32
		{3DA5260C-A6BE-4AA3-BF6D-09D59F634495}.Debug|Mixed Platforms.Build.0 = Debug|Win32
		{3DA5260C-A6BE-4AA3-BF6D-09D59F634495}.Debug|Win32.ActiveCfg = Debug|Win32
		{3DA5260C-A6BE-4AA3-BF6D-09D59F634495}.Debug|Win32.Build.0 = Debug|Win32
		{3DA5260C-A6BE-4AA3-BF6D-09D59F634495}.Debug|x64.ActiveCfg = Debug|x64
		{3DA5260C-A6BE-4AA3-BF6D-09D59F634495}.Debug|x64.Build.0 = Debug|x64
		{3DA5260C-A6BE-4AA3-BF6D-09D59F634495}.Release|Mixed Platforms.ActiveCfg = Release|Win32
		{3DA5260C-A6BE-4AA3-BF6D-09D59F634495}.Release|Mixed Platforms.Build.0 = Release|Win32
		{3DA5260C-A6BE-4AA3-BF6D-09D59F634495}.Release|Win32.ActiveCfg = Release|Win32
		{3DA5260C-A6BE-4AA3-BF6D-09D59F634495}.Release|Win32.Build.0 = Release|Win32
		{3DA5260C-A6BE-4AA3-BF6D-09D59F634495}.Release|x64.ActiveCfg = Release|x64
		{3DA5260C-A6BE-4AA3-BF6D-09D59F634495}.Release|x64.Build.0 = Release|x64
		{03DCEC33-BD06-4137-840D-3FF5E0B9834E}.Debug|Mixed Platforms.ActiveCfg = Debug|Win32
		{03DCEC33-BD06-4137-840D-3FF5E0B9834E}.Debug|Mixed Platforms.Build.0 = Debug|Win32
		{03DCEC33-BD06-4137-840D-3FF5E0B9834E}.Debug|Win32.ActiveCfg = Debug|Win32
		{03DCEC33-BD06-4137-840D-3FF5E0B9834E}.Debug|Win32.Build.0 = Debug|Win32
		{03DCEC33-BD06-4137-840D-3FF5E0B9834E}.Debug|x64.ActiveCfg = Debug|x64
		{03DCEC33-BD06-4137-840D-3FF5E0B9834E}.Debug|x64.Build.0 = Debug|x64
		{03DCEC33-BD06-4137-840D-3FF5E0B9834E}.Release|Mixed Platforms.ActiveCfg = Release|Win32
		{03DCEC33-BD06-4137-840D-3FF5E0B9834E}.Release|Mixed Platforms.Build.0 = Release|Win32
		{03DCEC33-BD06-4137-840D-3FF5E0B9834E}.Release|Win32.ActiveCfg = Release|Win32
		{03DCEC33-BD06-4137-840D-3FF5E0B9834E}.Release|Win32.Build.0 = Release|Win32
		{03DCEC33-BD06-4137-840D-3FF5E0B9834E}.Release|x64.ActiveCfg = Release|x64
		{03DCEC33-BD06-4137-840D-3FF5E0B9834E}.Release|x64.Build.0 = Release|x64
	EndGlobalSection
	GlobalSection(SolutionProperties) = preSolution
		HideSolutionNode = FALSE
	EndGlobalSection
EndGlobal
